// !$*UTF8*$!
{
	archiveVersion = 1;
	classes = {
	};
	objectVersion = 55;
	objects = {

/* Begin PBXBuildFile section */
		682CDF75121B18109BB3FA89 /* Pods_ChatAppTests.framework in Frameworks */ = {isa = PBXBuildFile; fileRef = 201FCFC0C75CCAC76E77F396 /* Pods_ChatAppTests.framework */; };
		8796A0319DB336E019A241C1 /* Pods_ChatApp.framework in Frameworks */ = {isa = PBXBuildFile; fileRef = 31408FDBD457D6340B37E170 /* Pods_ChatApp.framework */; };
		928DB02F438B149F01460DDA /* Pods_ChatApp_ChatAppUITests.framework in Frameworks */ = {isa = PBXBuildFile; fileRef = 51C5A78234015149CDC752B1 /* Pods_ChatApp_ChatAppUITests.framework */; };
		CE8B3F9D27DCAC030080E970 /* User.swift in Sources */ = {isa = PBXBuildFile; fileRef = CE8B3F9C27DCAC030080E970 /* User.swift */; };
		CE8B3F9F27DCAEFC0080E970 /* Constants.swift in Sources */ = {isa = PBXBuildFile; fileRef = CE8B3F9E27DCAEFC0080E970 /* Constants.swift */; };
		CE9BE50327DDAC5300E8E0A7 /* FCollectionReference.swift in Sources */ = {isa = PBXBuildFile; fileRef = CE9BE50227DDAC5300E8E0A7 /* FCollectionReference.swift */; };
		CE9BE50627DDF2B000E8E0A7 /* FirebaseUserListener.swift in Sources */ = {isa = PBXBuildFile; fileRef = CE9BE50527DDF2B000E8E0A7 /* FirebaseUserListener.swift */; };
		CEB36DDB27E0E49A00F57834 /* SettingsTableViewController.swift in Sources */ = {isa = PBXBuildFile; fileRef = CEB36DDA27E0E49A00F57834 /* SettingsTableViewController.swift */; };
		CED6CABD27D478D9005D1473 /* AppDelegate.swift in Sources */ = {isa = PBXBuildFile; fileRef = CED6CABC27D478D9005D1473 /* AppDelegate.swift */; };
		CED6CABF27D478D9005D1473 /* SceneDelegate.swift in Sources */ = {isa = PBXBuildFile; fileRef = CED6CABE27D478D9005D1473 /* SceneDelegate.swift */; };
		CED6CAC127D478D9005D1473 /* LoginViewController.swift in Sources */ = {isa = PBXBuildFile; fileRef = CED6CAC027D478D9005D1473 /* LoginViewController.swift */; };
		CED6CAC427D478D9005D1473 /* Main.storyboard in Resources */ = {isa = PBXBuildFile; fileRef = CED6CAC227D478D9005D1473 /* Main.storyboard */; };
		CED6CAC627D478DB005D1473 /* Assets.xcassets in Resources */ = {isa = PBXBuildFile; fileRef = CED6CAC527D478DB005D1473 /* Assets.xcassets */; };
		CED6CAC927D478DB005D1473 /* LaunchScreen.storyboard in Resources */ = {isa = PBXBuildFile; fileRef = CED6CAC727D478DB005D1473 /* LaunchScreen.storyboard */; };
		CED6CAD427D478DB005D1473 /* ChatAppTests.swift in Sources */ = {isa = PBXBuildFile; fileRef = CED6CAD327D478DB005D1473 /* ChatAppTests.swift */; };
		CED6CADE27D478DB005D1473 /* ChatAppUITests.swift in Sources */ = {isa = PBXBuildFile; fileRef = CED6CADD27D478DB005D1473 /* ChatAppUITests.swift */; };
		CED6CAE027D478DB005D1473 /* ChatAppUITestsLaunchTests.swift in Sources */ = {isa = PBXBuildFile; fileRef = CED6CADF27D478DB005D1473 /* ChatAppUITestsLaunchTests.swift */; };
		CED6CAED27D47CCC005D1473 /* GoogleService-Info.plist in Resources */ = {isa = PBXBuildFile; fileRef = CED6CAEC27D47CCC005D1473 /* GoogleService-Info.plist */; };
/* End PBXBuildFile section */

/* Begin PBXContainerItemProxy section */
		CED6CAD027D478DB005D1473 /* PBXContainerItemProxy */ = {
			isa = PBXContainerItemProxy;
			containerPortal = CED6CAB127D478D9005D1473 /* Project object */;
			proxyType = 1;
			remoteGlobalIDString = CED6CAB827D478D9005D1473;
			remoteInfo = ChatApp;
		};
		CED6CADA27D478DB005D1473 /* PBXContainerItemProxy */ = {
			isa = PBXContainerItemProxy;
			containerPortal = CED6CAB127D478D9005D1473 /* Project object */;
			proxyType = 1;
			remoteGlobalIDString = CED6CAB827D478D9005D1473;
			remoteInfo = ChatApp;
		};
/* End PBXContainerItemProxy section */

/* Begin PBXFileReference section */
		201FCFC0C75CCAC76E77F396 /* Pods_ChatAppTests.framework */ = {isa = PBXFileReference; explicitFileType = wrapper.framework; includeInIndex = 0; path = Pods_ChatAppTests.framework; sourceTree = BUILT_PRODUCTS_DIR; };
		31408FDBD457D6340B37E170 /* Pods_ChatApp.framework */ = {isa = PBXFileReference; explicitFileType = wrapper.framework; includeInIndex = 0; path = Pods_ChatApp.framework; sourceTree = BUILT_PRODUCTS_DIR; };
		32EF909B80D8C48E16921958 /* Pods-ChatApp.debug.xcconfig */ = {isa = PBXFileReference; includeInIndex = 1; lastKnownFileType = text.xcconfig; name = "Pods-ChatApp.debug.xcconfig"; path = "Target Support Files/Pods-ChatApp/Pods-ChatApp.debug.xcconfig"; sourceTree = "<group>"; };
		51C5A78234015149CDC752B1 /* Pods_ChatApp_ChatAppUITests.framework */ = {isa = PBXFileReference; explicitFileType = wrapper.framework; includeInIndex = 0; path = Pods_ChatApp_ChatAppUITests.framework; sourceTree = BUILT_PRODUCTS_DIR; };
		6A1CF16CCB7A196B2E75B644 /* Pods-ChatApp-ChatAppUITests.debug.xcconfig */ = {isa = PBXFileReference; includeInIndex = 1; lastKnownFileType = text.xcconfig; name = "Pods-ChatApp-ChatAppUITests.debug.xcconfig"; path = "Target Support Files/Pods-ChatApp-ChatAppUITests/Pods-ChatApp-ChatAppUITests.debug.xcconfig"; sourceTree = "<group>"; };
		848BBBBF9620C31024802019 /* Pods-ChatApp.release.xcconfig */ = {isa = PBXFileReference; includeInIndex = 1; lastKnownFileType = text.xcconfig; name = "Pods-ChatApp.release.xcconfig"; path = "Target Support Files/Pods-ChatApp/Pods-ChatApp.release.xcconfig"; sourceTree = "<group>"; };
		89D8057D944E9DFF7650A808 /* Pods-ChatApp-ChatAppUITests.release.xcconfig */ = {isa = PBXFileReference; includeInIndex = 1; lastKnownFileType = text.xcconfig; name = "Pods-ChatApp-ChatAppUITests.release.xcconfig"; path = "Target Support Files/Pods-ChatApp-ChatAppUITests/Pods-ChatApp-ChatAppUITests.release.xcconfig"; sourceTree = "<group>"; };
		B30B50AD47AAA93B9EB07951 /* Pods-ChatAppTests.release.xcconfig */ = {isa = PBXFileReference; includeInIndex = 1; lastKnownFileType = text.xcconfig; name = "Pods-ChatAppTests.release.xcconfig"; path = "Target Support Files/Pods-ChatAppTests/Pods-ChatAppTests.release.xcconfig"; sourceTree = "<group>"; };
		CE8B3F9C27DCAC030080E970 /* User.swift */ = {isa = PBXFileReference; lastKnownFileType = sourcecode.swift; path = User.swift; sourceTree = "<group>"; };
		CE8B3F9E27DCAEFC0080E970 /* Constants.swift */ = {isa = PBXFileReference; lastKnownFileType = sourcecode.swift; path = Constants.swift; sourceTree = "<group>"; };
		CE9BE50227DDAC5300E8E0A7 /* FCollectionReference.swift */ = {isa = PBXFileReference; lastKnownFileType = sourcecode.swift; path = FCollectionReference.swift; sourceTree = "<group>"; };
		CE9BE50527DDF2B000E8E0A7 /* FirebaseUserListener.swift */ = {isa = PBXFileReference; lastKnownFileType = sourcecode.swift; path = FirebaseUserListener.swift; sourceTree = "<group>"; };
		CEB36DDA27E0E49A00F57834 /* SettingsTableViewController.swift */ = {isa = PBXFileReference; lastKnownFileType = sourcecode.swift; path = SettingsTableViewController.swift; sourceTree = "<group>"; };
		CED6CAB927D478D9005D1473 /* ChatApp.app */ = {isa = PBXFileReference; explicitFileType = wrapper.application; includeInIndex = 0; path = ChatApp.app; sourceTree = BUILT_PRODUCTS_DIR; };
		CED6CABC27D478D9005D1473 /* AppDelegate.swift */ = {isa = PBXFileReference; lastKnownFileType = sourcecode.swift; path = AppDelegate.swift; sourceTree = "<group>"; };
		CED6CABE27D478D9005D1473 /* SceneDelegate.swift */ = {isa = PBXFileReference; lastKnownFileType = sourcecode.swift; path = SceneDelegate.swift; sourceTree = "<group>"; };
		CED6CAC027D478D9005D1473 /* LoginViewController.swift */ = {isa = PBXFileReference; lastKnownFileType = sourcecode.swift; path = LoginViewController.swift; sourceTree = "<group>"; };
		CED6CAC327D478D9005D1473 /* Base */ = {isa = PBXFileReference; lastKnownFileType = file.storyboard; name = Base; path = Base.lproj/Main.storyboard; sourceTree = "<group>"; };
		CED6CAC527D478DB005D1473 /* Assets.xcassets */ = {isa = PBXFileReference; lastKnownFileType = folder.assetcatalog; path = Assets.xcassets; sourceTree = "<group>"; };
		CED6CAC827D478DB005D1473 /* Base */ = {isa = PBXFileReference; lastKnownFileType = file.storyboard; name = Base; path = Base.lproj/LaunchScreen.storyboard; sourceTree = "<group>"; };
		CED6CACA27D478DB005D1473 /* Info.plist */ = {isa = PBXFileReference; lastKnownFileType = text.plist.xml; path = Info.plist; sourceTree = "<group>"; };
		CED6CACF27D478DB005D1473 /* ChatAppTests.xctest */ = {isa = PBXFileReference; explicitFileType = wrapper.cfbundle; includeInIndex = 0; path = ChatAppTests.xctest; sourceTree = BUILT_PRODUCTS_DIR; };
		CED6CAD327D478DB005D1473 /* ChatAppTests.swift */ = {isa = PBXFileReference; lastKnownFileType = sourcecode.swift; path = ChatAppTests.swift; sourceTree = "<group>"; };
		CED6CAD927D478DB005D1473 /* ChatAppUITests.xctest */ = {isa = PBXFileReference; explicitFileType = wrapper.cfbundle; includeInIndex = 0; path = ChatAppUITests.xctest; sourceTree = BUILT_PRODUCTS_DIR; };
		CED6CADD27D478DB005D1473 /* ChatAppUITests.swift */ = {isa = PBXFileReference; lastKnownFileType = sourcecode.swift; path = ChatAppUITests.swift; sourceTree = "<group>"; };
		CED6CADF27D478DB005D1473 /* ChatAppUITestsLaunchTests.swift */ = {isa = PBXFileReference; lastKnownFileType = sourcecode.swift; path = ChatAppUITestsLaunchTests.swift; sourceTree = "<group>"; };
		CED6CAEC27D47CCC005D1473 /* GoogleService-Info.plist */ = {isa = PBXFileReference; fileEncoding = 4; lastKnownFileType = text.plist.xml; path = "GoogleService-Info.plist"; sourceTree = "<group>"; };
		CF68E42B81017E106EE3D244 /* Pods-ChatAppTests.debug.xcconfig */ = {isa = PBXFileReference; includeInIndex = 1; lastKnownFileType = text.xcconfig; name = "Pods-ChatAppTests.debug.xcconfig"; path = "Target Support Files/Pods-ChatAppTests/Pods-ChatAppTests.debug.xcconfig"; sourceTree = "<group>"; };
/* End PBXFileReference section */

/* Begin PBXFrameworksBuildPhase section */
		CED6CAB627D478D9005D1473 /* Frameworks */ = {
			isa = PBXFrameworksBuildPhase;
			buildActionMask = 2147483647;
			files = (
				8796A0319DB336E019A241C1 /* Pods_ChatApp.framework in Frameworks */,
			);
			runOnlyForDeploymentPostprocessing = 0;
		};
		CED6CACC27D478DB005D1473 /* Frameworks */ = {
			isa = PBXFrameworksBuildPhase;
			buildActionMask = 2147483647;
			files = (
				682CDF75121B18109BB3FA89 /* Pods_ChatAppTests.framework in Frameworks */,
			);
			runOnlyForDeploymentPostprocessing = 0;
		};
		CED6CAD627D478DB005D1473 /* Frameworks */ = {
			isa = PBXFrameworksBuildPhase;
			buildActionMask = 2147483647;
			files = (
				928DB02F438B149F01460DDA /* Pods_ChatApp_ChatAppUITests.framework in Frameworks */,
			);
			runOnlyForDeploymentPostprocessing = 0;
		};
/* End PBXFrameworksBuildPhase section */

/* Begin PBXGroup section */
		310788A3809AB86282B6D763 /* Frameworks */ = {
			isa = PBXGroup;
			children = (
				31408FDBD457D6340B37E170 /* Pods_ChatApp.framework */,
				51C5A78234015149CDC752B1 /* Pods_ChatApp_ChatAppUITests.framework */,
				201FCFC0C75CCAC76E77F396 /* Pods_ChatAppTests.framework */,
			);
			name = Frameworks;
			sourceTree = "<group>";
		};
		CE8B3FA027DCB64F0080E970 /* Model */ = {
			isa = PBXGroup;
			children = (
				CE8B3F9C27DCAC030080E970 /* User.swift */,
			);
			path = Model;
			sourceTree = "<group>";
		};
		CE9BE50427DDAF1B00E8E0A7 /* FirebaseHelpers */ = {
			isa = PBXGroup;
			children = (
				CE9BE50227DDAC5300E8E0A7 /* FCollectionReference.swift */,
				CE9BE50527DDF2B000E8E0A7 /* FirebaseUserListener.swift */,
			);
			path = FirebaseHelpers;
			sourceTree = "<group>";
		};
		CEB36DD927E0B97A00F57834 /* Helpers */ = {
			isa = PBXGroup;
			children = (
				CE8B3F9E27DCAEFC0080E970 /* Constants.swift */,
			);
			path = Helpers;
			sourceTree = "<group>";
		};
		CED6CAB027D478D9005D1473 = {
			isa = PBXGroup;
			children = (
				CED6CABB27D478D9005D1473 /* ChatApp */,
				CED6CAD227D478DB005D1473 /* ChatAppTests */,
				CED6CADC27D478DB005D1473 /* ChatAppUITests */,
				CED6CABA27D478D9005D1473 /* Products */,
				F12001DBF6B8C4839FFAC319 /* Pods */,
				310788A3809AB86282B6D763 /* Frameworks */,
			);
			sourceTree = "<group>";
		};
		CED6CABA27D478D9005D1473 /* Products */ = {
			isa = PBXGroup;
			children = (
				CED6CAB927D478D9005D1473 /* ChatApp.app */,
				CED6CACF27D478DB005D1473 /* ChatAppTests.xctest */,
				CED6CAD927D478DB005D1473 /* ChatAppUITests.xctest */,
			);
			name = Products;
			sourceTree = "<group>";
		};
		CED6CABB27D478D9005D1473 /* ChatApp */ = {
			isa = PBXGroup;
			children = (
				CED6CABC27D478D9005D1473 /* AppDelegate.swift */,
				CED6CABE27D478D9005D1473 /* SceneDelegate.swift */,
				CED6CAC027D478D9005D1473 /* LoginViewController.swift */,
				CEB36DDA27E0E49A00F57834 /* SettingsTableViewController.swift */,
				CE9BE50427DDAF1B00E8E0A7 /* FirebaseHelpers */,
				CE8B3FA027DCB64F0080E970 /* Model */,
				CEB36DD927E0B97A00F57834 /* Helpers */,
				CED6CAC227D478D9005D1473 /* Main.storyboard */,
				CED6CAC527D478DB005D1473 /* Assets.xcassets */,
				CED6CAC727D478DB005D1473 /* LaunchScreen.storyboard */,
				CED6CACA27D478DB005D1473 /* Info.plist */,
				CED6CAEC27D47CCC005D1473 /* GoogleService-Info.plist */,
			);
			path = ChatApp;
			sourceTree = "<group>";
		};
		CED6CAD227D478DB005D1473 /* ChatAppTests */ = {
			isa = PBXGroup;
			children = (
				CED6CAD327D478DB005D1473 /* ChatAppTests.swift */,
			);
			path = ChatAppTests;
			sourceTree = "<group>";
		};
		CED6CADC27D478DB005D1473 /* ChatAppUITests */ = {
			isa = PBXGroup;
			children = (
				CED6CADD27D478DB005D1473 /* ChatAppUITests.swift */,
				CED6CADF27D478DB005D1473 /* ChatAppUITestsLaunchTests.swift */,
			);
			path = ChatAppUITests;
			sourceTree = "<group>";
		};
		F12001DBF6B8C4839FFAC319 /* Pods */ = {
			isa = PBXGroup;
			children = (
				32EF909B80D8C48E16921958 /* Pods-ChatApp.debug.xcconfig */,
				848BBBBF9620C31024802019 /* Pods-ChatApp.release.xcconfig */,
				6A1CF16CCB7A196B2E75B644 /* Pods-ChatApp-ChatAppUITests.debug.xcconfig */,
				89D8057D944E9DFF7650A808 /* Pods-ChatApp-ChatAppUITests.release.xcconfig */,
				CF68E42B81017E106EE3D244 /* Pods-ChatAppTests.debug.xcconfig */,
				B30B50AD47AAA93B9EB07951 /* Pods-ChatAppTests.release.xcconfig */,
			);
			path = Pods;
			sourceTree = "<group>";
		};
/* End PBXGroup section */

/* Begin PBXNativeTarget section */
		CED6CAB827D478D9005D1473 /* ChatApp */ = {
			isa = PBXNativeTarget;
			buildConfigurationList = CED6CAE327D478DB005D1473 /* Build configuration list for PBXNativeTarget "ChatApp" */;
			buildPhases = (
				6F1539D5BBB130B50FB13082 /* [CP] Check Pods Manifest.lock */,
				CED6CAB527D478D9005D1473 /* Sources */,
				CED6CAB627D478D9005D1473 /* Frameworks */,
				CED6CAB727D478D9005D1473 /* Resources */,
				B4104691B658D1DC8C9C2F73 /* [CP] Embed Pods Frameworks */,
			);
			buildRules = (
			);
			dependencies = (
			);
			name = ChatApp;
			productName = ChatApp;
			productReference = CED6CAB927D478D9005D1473 /* ChatApp.app */;
			productType = "com.apple.product-type.application";
		};
		CED6CACE27D478DB005D1473 /* ChatAppTests */ = {
			isa = PBXNativeTarget;
			buildConfigurationList = CED6CAE627D478DB005D1473 /* Build configuration list for PBXNativeTarget "ChatAppTests" */;
			buildPhases = (
				A3C3699010891451A407428F /* [CP] Check Pods Manifest.lock */,
				CED6CACB27D478DB005D1473 /* Sources */,
				CED6CACC27D478DB005D1473 /* Frameworks */,
				CED6CACD27D478DB005D1473 /* Resources */,
			);
			buildRules = (
			);
			dependencies = (
				CED6CAD127D478DB005D1473 /* PBXTargetDependency */,
			);
			name = ChatAppTests;
			productName = ChatAppTests;
			productReference = CED6CACF27D478DB005D1473 /* ChatAppTests.xctest */;
			productType = "com.apple.product-type.bundle.unit-test";
		};
		CED6CAD827D478DB005D1473 /* ChatAppUITests */ = {
			isa = PBXNativeTarget;
			buildConfigurationList = CED6CAE927D478DB005D1473 /* Build configuration list for PBXNativeTarget "ChatAppUITests" */;
			buildPhases = (
				726F97A2A37C909F60557399 /* [CP] Check Pods Manifest.lock */,
				CED6CAD527D478DB005D1473 /* Sources */,
				CED6CAD627D478DB005D1473 /* Frameworks */,
				CED6CAD727D478DB005D1473 /* Resources */,
				212B4F27E9EF002FE66FD161 /* [CP] Embed Pods Frameworks */,
			);
			buildRules = (
			);
			dependencies = (
				CED6CADB27D478DB005D1473 /* PBXTargetDependency */,
			);
			name = ChatAppUITests;
			productName = ChatAppUITests;
			productReference = CED6CAD927D478DB005D1473 /* ChatAppUITests.xctest */;
			productType = "com.apple.product-type.bundle.ui-testing";
		};
/* End PBXNativeTarget section */

/* Begin PBXProject section */
		CED6CAB127D478D9005D1473 /* Project object */ = {
			isa = PBXProject;
			attributes = {
				BuildIndependentTargetsInParallel = 1;
				LastSwiftUpdateCheck = 1320;
				LastUpgradeCheck = 1320;
				TargetAttributes = {
					CED6CAB827D478D9005D1473 = {
						CreatedOnToolsVersion = 13.2.1;
					};
					CED6CACE27D478DB005D1473 = {
						CreatedOnToolsVersion = 13.2.1;
						TestTargetID = CED6CAB827D478D9005D1473;
					};
					CED6CAD827D478DB005D1473 = {
						CreatedOnToolsVersion = 13.2.1;
						TestTargetID = CED6CAB827D478D9005D1473;
					};
				};
			};
			buildConfigurationList = CED6CAB427D478D9005D1473 /* Build configuration list for PBXProject "ChatApp" */;
			compatibilityVersion = "Xcode 13.0";
			developmentRegion = en;
			hasScannedForEncodings = 0;
			knownRegions = (
				en,
				Base,
			);
			mainGroup = CED6CAB027D478D9005D1473;
			productRefGroup = CED6CABA27D478D9005D1473 /* Products */;
			projectDirPath = "";
			projectRoot = "";
			targets = (
				CED6CAB827D478D9005D1473 /* ChatApp */,
				CED6CACE27D478DB005D1473 /* ChatAppTests */,
				CED6CAD827D478DB005D1473 /* ChatAppUITests */,
			);
		};
/* End PBXProject section */

/* Begin PBXResourcesBuildPhase section */
		CED6CAB727D478D9005D1473 /* Resources */ = {
			isa = PBXResourcesBuildPhase;
			buildActionMask = 2147483647;
			files = (
				CED6CAC927D478DB005D1473 /* LaunchScreen.storyboard in Resources */,
				CED6CAED27D47CCC005D1473 /* GoogleService-Info.plist in Resources */,
				CED6CAC627D478DB005D1473 /* Assets.xcassets in Resources */,
				CED6CAC427D478D9005D1473 /* Main.storyboard in Resources */,
			);
			runOnlyForDeploymentPostprocessing = 0;
		};
		CED6CACD27D478DB005D1473 /* Resources */ = {
			isa = PBXResourcesBuildPhase;
			buildActionMask = 2147483647;
			files = (
			);
			runOnlyForDeploymentPostprocessing = 0;
		};
		CED6CAD727D478DB005D1473 /* Resources */ = {
			isa = PBXResourcesBuildPhase;
			buildActionMask = 2147483647;
			files = (
			);
			runOnlyForDeploymentPostprocessing = 0;
		};
/* End PBXResourcesBuildPhase section */

/* Begin PBXShellScriptBuildPhase section */
		212B4F27E9EF002FE66FD161 /* [CP] Embed Pods Frameworks */ = {
			isa = PBXShellScriptBuildPhase;
			buildActionMask = 2147483647;
			files = (
			);
			inputFileListPaths = (
				"${PODS_ROOT}/Target Support Files/Pods-ChatApp-ChatAppUITests/Pods-ChatApp-ChatAppUITests-frameworks-${CONFIGURATION}-input-files.xcfilelist",
			);
			name = "[CP] Embed Pods Frameworks";
			outputFileListPaths = (
				"${PODS_ROOT}/Target Support Files/Pods-ChatApp-ChatAppUITests/Pods-ChatApp-ChatAppUITests-frameworks-${CONFIGURATION}-output-files.xcfilelist",
			);
			runOnlyForDeploymentPostprocessing = 0;
			shellPath = /bin/sh;
			shellScript = "\"${PODS_ROOT}/Target Support Files/Pods-ChatApp-ChatAppUITests/Pods-ChatApp-ChatAppUITests-frameworks.sh\"\n";
			showEnvVarsInLog = 0;
		};
		6F1539D5BBB130B50FB13082 /* [CP] Check Pods Manifest.lock */ = {
			isa = PBXShellScriptBuildPhase;
			buildActionMask = 2147483647;
			files = (
			);
			inputFileListPaths = (
			);
			inputPaths = (
				"${PODS_PODFILE_DIR_PATH}/Podfile.lock",
				"${PODS_ROOT}/Manifest.lock",
			);
			name = "[CP] Check Pods Manifest.lock";
			outputFileListPaths = (
			);
			outputPaths = (
				"$(DERIVED_FILE_DIR)/Pods-ChatApp-checkManifestLockResult.txt",
			);
			runOnlyForDeploymentPostprocessing = 0;
			shellPath = /bin/sh;
			shellScript = "diff \"${PODS_PODFILE_DIR_PATH}/Podfile.lock\" \"${PODS_ROOT}/Manifest.lock\" > /dev/null\nif [ $? != 0 ] ; then\n    # print error to STDERR\n    echo \"error: The sandbox is not in sync with the Podfile.lock. Run 'pod install' or update your CocoaPods installation.\" >&2\n    exit 1\nfi\n# This output is used by Xcode 'outputs' to avoid re-running this script phase.\necho \"SUCCESS\" > \"${SCRIPT_OUTPUT_FILE_0}\"\n";
			showEnvVarsInLog = 0;
		};
		726F97A2A37C909F60557399 /* [CP] Check Pods Manifest.lock */ = {
			isa = PBXShellScriptBuildPhase;
			buildActionMask = 2147483647;
			files = (
			);
			inputFileListPaths = (
			);
			inputPaths = (
				"${PODS_PODFILE_DIR_PATH}/Podfile.lock",
				"${PODS_ROOT}/Manifest.lock",
			);
			name = "[CP] Check Pods Manifest.lock";
			outputFileListPaths = (
			);
			outputPaths = (
				"$(DERIVED_FILE_DIR)/Pods-ChatApp-ChatAppUITests-checkManifestLockResult.txt",
			);
			runOnlyForDeploymentPostprocessing = 0;
			shellPath = /bin/sh;
			shellScript = "diff \"${PODS_PODFILE_DIR_PATH}/Podfile.lock\" \"${PODS_ROOT}/Manifest.lock\" > /dev/null\nif [ $? != 0 ] ; then\n    # print error to STDERR\n    echo \"error: The sandbox is not in sync with the Podfile.lock. Run 'pod install' or update your CocoaPods installation.\" >&2\n    exit 1\nfi\n# This output is used by Xcode 'outputs' to avoid re-running this script phase.\necho \"SUCCESS\" > \"${SCRIPT_OUTPUT_FILE_0}\"\n";
			showEnvVarsInLog = 0;
		};
		A3C3699010891451A407428F /* [CP] Check Pods Manifest.lock */ = {
			isa = PBXShellScriptBuildPhase;
			buildActionMask = 2147483647;
			files = (
			);
			inputFileListPaths = (
			);
			inputPaths = (
				"${PODS_PODFILE_DIR_PATH}/Podfile.lock",
				"${PODS_ROOT}/Manifest.lock",
			);
			name = "[CP] Check Pods Manifest.lock";
			outputFileListPaths = (
			);
			outputPaths = (
				"$(DERIVED_FILE_DIR)/Pods-ChatAppTests-checkManifestLockResult.txt",
			);
			runOnlyForDeploymentPostprocessing = 0;
			shellPath = /bin/sh;
			shellScript = "diff \"${PODS_PODFILE_DIR_PATH}/Podfile.lock\" \"${PODS_ROOT}/Manifest.lock\" > /dev/null\nif [ $? != 0 ] ; then\n    # print error to STDERR\n    echo \"error: The sandbox is not in sync with the Podfile.lock. Run 'pod install' or update your CocoaPods installation.\" >&2\n    exit 1\nfi\n# This output is used by Xcode 'outputs' to avoid re-running this script phase.\necho \"SUCCESS\" > \"${SCRIPT_OUTPUT_FILE_0}\"\n";
			showEnvVarsInLog = 0;
		};
		B4104691B658D1DC8C9C2F73 /* [CP] Embed Pods Frameworks */ = {
			isa = PBXShellScriptBuildPhase;
			buildActionMask = 2147483647;
			files = (
			);
			inputFileListPaths = (
				"${PODS_ROOT}/Target Support Files/Pods-ChatApp/Pods-ChatApp-frameworks-${CONFIGURATION}-input-files.xcfilelist",
			);
			name = "[CP] Embed Pods Frameworks";
			outputFileListPaths = (
				"${PODS_ROOT}/Target Support Files/Pods-ChatApp/Pods-ChatApp-frameworks-${CONFIGURATION}-output-files.xcfilelist",
			);
			runOnlyForDeploymentPostprocessing = 0;
			shellPath = /bin/sh;
			shellScript = "\"${PODS_ROOT}/Target Support Files/Pods-ChatApp/Pods-ChatApp-frameworks.sh\"\n";
			showEnvVarsInLog = 0;
		};
/* End PBXShellScriptBuildPhase section */

/* Begin PBXSourcesBuildPhase section */
		CED6CAB527D478D9005D1473 /* Sources */ = {
			isa = PBXSourcesBuildPhase;
			buildActionMask = 2147483647;
			files = (
				CE9BE50327DDAC5300E8E0A7 /* FCollectionReference.swift in Sources */,
				CE8B3F9F27DCAEFC0080E970 /* Constants.swift in Sources */,
				CE8B3F9D27DCAC030080E970 /* User.swift in Sources */,
				CED6CAC127D478D9005D1473 /* LoginViewController.swift in Sources */,
				CEB36DDB27E0E49A00F57834 /* SettingsTableViewController.swift in Sources */,
				CED6CABD27D478D9005D1473 /* AppDelegate.swift in Sources */,
				CE9BE50627DDF2B000E8E0A7 /* FirebaseUserListener.swift in Sources */,
				CED6CABF27D478D9005D1473 /* SceneDelegate.swift in Sources */,
			);
			runOnlyForDeploymentPostprocessing = 0;
		};
		CED6CACB27D478DB005D1473 /* Sources */ = {
			isa = PBXSourcesBuildPhase;
			buildActionMask = 2147483647;
			files = (
				CED6CAD427D478DB005D1473 /* ChatAppTests.swift in Sources */,
			);
			runOnlyForDeploymentPostprocessing = 0;
		};
		CED6CAD527D478DB005D1473 /* Sources */ = {
			isa = PBXSourcesBuildPhase;
			buildActionMask = 2147483647;
			files = (
				CED6CAE027D478DB005D1473 /* ChatAppUITestsLaunchTests.swift in Sources */,
				CED6CADE27D478DB005D1473 /* ChatAppUITests.swift in Sources */,
			);
			runOnlyForDeploymentPostprocessing = 0;
		};
/* End PBXSourcesBuildPhase section */

/* Begin PBXTargetDependency section */
		CED6CAD127D478DB005D1473 /* PBXTargetDependency */ = {
			isa = PBXTargetDependency;
			target = CED6CAB827D478D9005D1473 /* ChatApp */;
			targetProxy = CED6CAD027D478DB005D1473 /* PBXContainerItemProxy */;
		};
		CED6CADB27D478DB005D1473 /* PBXTargetDependency */ = {
			isa = PBXTargetDependency;
			target = CED6CAB827D478D9005D1473 /* ChatApp */;
			targetProxy = CED6CADA27D478DB005D1473 /* PBXContainerItemProxy */;
		};
/* End PBXTargetDependency section */

/* Begin PBXVariantGroup section */
		CED6CAC227D478D9005D1473 /* Main.storyboard */ = {
			isa = PBXVariantGroup;
			children = (
				CED6CAC327D478D9005D1473 /* Base */,
			);
			name = Main.storyboard;
			sourceTree = "<group>";
		};
		CED6CAC727D478DB005D1473 /* LaunchScreen.storyboard */ = {
			isa = PBXVariantGroup;
			children = (
				CED6CAC827D478DB005D1473 /* Base */,
			);
			name = LaunchScreen.storyboard;
			sourceTree = "<group>";
		};
/* End PBXVariantGroup section */

/* Begin XCBuildConfiguration section */
		CED6CAE127D478DB005D1473 /* Debug */ = {
			isa = XCBuildConfiguration;
			buildSettings = {
				ALWAYS_SEARCH_USER_PATHS = NO;
				CLANG_ANALYZER_NONNULL = YES;
				CLANG_ANALYZER_NUMBER_OBJECT_CONVERSION = YES_AGGRESSIVE;
				CLANG_CXX_LANGUAGE_STANDARD = "gnu++17";
				CLANG_CXX_LIBRARY = "libc++";
				CLANG_ENABLE_MODULES = YES;
				CLANG_ENABLE_OBJC_ARC = YES;
				CLANG_ENABLE_OBJC_WEAK = YES;
				CLANG_WARN_BLOCK_CAPTURE_AUTORELEASING = YES;
				CLANG_WARN_BOOL_CONVERSION = YES;
				CLANG_WARN_COMMA = YES;
				CLANG_WARN_CONSTANT_CONVERSION = YES;
				CLANG_WARN_DEPRECATED_OBJC_IMPLEMENTATIONS = YES;
				CLANG_WARN_DIRECT_OBJC_ISA_USAGE = YES_ERROR;
				CLANG_WARN_DOCUMENTATION_COMMENTS = YES;
				CLANG_WARN_EMPTY_BODY = YES;
				CLANG_WARN_ENUM_CONVERSION = YES;
				CLANG_WARN_INFINITE_RECURSION = YES;
				CLANG_WARN_INT_CONVERSION = YES;
				CLANG_WARN_NON_LITERAL_NULL_CONVERSION = YES;
				CLANG_WARN_OBJC_IMPLICIT_RETAIN_SELF = YES;
				CLANG_WARN_OBJC_LITERAL_CONVERSION = YES;
				CLANG_WARN_OBJC_ROOT_CLASS = YES_ERROR;
				CLANG_WARN_QUOTED_INCLUDE_IN_FRAMEWORK_HEADER = YES;
				CLANG_WARN_RANGE_LOOP_ANALYSIS = YES;
				CLANG_WARN_STRICT_PROTOTYPES = YES;
				CLANG_WARN_SUSPICIOUS_MOVE = YES;
				CLANG_WARN_UNGUARDED_AVAILABILITY = YES_AGGRESSIVE;
				CLANG_WARN_UNREACHABLE_CODE = YES;
				CLANG_WARN__DUPLICATE_METHOD_MATCH = YES;
				COPY_PHASE_STRIP = NO;
				DEBUG_INFORMATION_FORMAT = dwarf;
				ENABLE_STRICT_OBJC_MSGSEND = YES;
				ENABLE_TESTABILITY = YES;
				GCC_C_LANGUAGE_STANDARD = gnu11;
				GCC_DYNAMIC_NO_PIC = NO;
				GCC_NO_COMMON_BLOCKS = YES;
				GCC_OPTIMIZATION_LEVEL = 0;
				GCC_PREPROCESSOR_DEFINITIONS = (
					"DEBUG=1",
					"$(inherited)",
				);
				GCC_WARN_64_TO_32_BIT_CONVERSION = YES;
				GCC_WARN_ABOUT_RETURN_TYPE = YES_ERROR;
				GCC_WARN_UNDECLARED_SELECTOR = YES;
				GCC_WARN_UNINITIALIZED_AUTOS = YES_AGGRESSIVE;
				GCC_WARN_UNUSED_FUNCTION = YES;
				GCC_WARN_UNUSED_VARIABLE = YES;
				IPHONEOS_DEPLOYMENT_TARGET = 15.2;
				MTL_ENABLE_DEBUG_INFO = INCLUDE_SOURCE;
				MTL_FAST_MATH = YES;
				ONLY_ACTIVE_ARCH = YES;
				SDKROOT = iphoneos;
				SWIFT_ACTIVE_COMPILATION_CONDITIONS = DEBUG;
				SWIFT_OPTIMIZATION_LEVEL = "-Onone";
			};
			name = Debug;
		};
		CED6CAE227D478DB005D1473 /* Release */ = {
			isa = XCBuildConfiguration;
			buildSettings = {
				ALWAYS_SEARCH_USER_PATHS = NO;
				CLANG_ANALYZER_NONNULL = YES;
				CLANG_ANALYZER_NUMBER_OBJECT_CONVERSION = YES_AGGRESSIVE;
				CLANG_CXX_LANGUAGE_STANDARD = "gnu++17";
				CLANG_CXX_LIBRARY = "libc++";
				CLANG_ENABLE_MODULES = YES;
				CLANG_ENABLE_OBJC_ARC = YES;
				CLANG_ENABLE_OBJC_WEAK = YES;
				CLANG_WARN_BLOCK_CAPTURE_AUTORELEASING = YES;
				CLANG_WARN_BOOL_CONVERSION = YES;
				CLANG_WARN_COMMA = YES;
				CLANG_WARN_CONSTANT_CONVERSION = YES;
				CLANG_WARN_DEPRECATED_OBJC_IMPLEMENTATIONS = YES;
				CLANG_WARN_DIRECT_OBJC_ISA_USAGE = YES_ERROR;
				CLANG_WARN_DOCUMENTATION_COMMENTS = YES;
				CLANG_WARN_EMPTY_BODY = YES;
				CLANG_WARN_ENUM_CONVERSION = YES;
				CLANG_WARN_INFINITE_RECURSION = YES;
				CLANG_WARN_INT_CONVERSION = YES;
				CLANG_WARN_NON_LITERAL_NULL_CONVERSION = YES;
				CLANG_WARN_OBJC_IMPLICIT_RETAIN_SELF = YES;
				CLANG_WARN_OBJC_LITERAL_CONVERSION = YES;
				CLANG_WARN_OBJC_ROOT_CLASS = YES_ERROR;
				CLANG_WARN_QUOTED_INCLUDE_IN_FRAMEWORK_HEADER = YES;
				CLANG_WARN_RANGE_LOOP_ANALYSIS = YES;
				CLANG_WARN_STRICT_PROTOTYPES = YES;
				CLANG_WARN_SUSPICIOUS_MOVE = YES;
				CLANG_WARN_UNGUARDED_AVAILABILITY = YES_AGGRESSIVE;
				CLANG_WARN_UNREACHABLE_CODE = YES;
				CLANG_WARN__DUPLICATE_METHOD_MATCH = YES;
				COPY_PHASE_STRIP = NO;
				DEBUG_INFORMATION_FORMAT = "dwarf-with-dsym";
				ENABLE_NS_ASSERTIONS = NO;
				ENABLE_STRICT_OBJC_MSGSEND = YES;
				GCC_C_LANGUAGE_STANDARD = gnu11;
				GCC_NO_COMMON_BLOCKS = YES;
				GCC_WARN_64_TO_32_BIT_CONVERSION = YES;
				GCC_WARN_ABOUT_RETURN_TYPE = YES_ERROR;
				GCC_WARN_UNDECLARED_SELECTOR = YES;
				GCC_WARN_UNINITIALIZED_AUTOS = YES_AGGRESSIVE;
				GCC_WARN_UNUSED_FUNCTION = YES;
				GCC_WARN_UNUSED_VARIABLE = YES;
				IPHONEOS_DEPLOYMENT_TARGET = 15.2;
				MTL_ENABLE_DEBUG_INFO = NO;
				MTL_FAST_MATH = YES;
				SDKROOT = iphoneos;
				SWIFT_COMPILATION_MODE = wholemodule;
				SWIFT_OPTIMIZATION_LEVEL = "-O";
				VALIDATE_PRODUCT = YES;
			};
			name = Release;
		};
		CED6CAE427D478DB005D1473 /* Debug */ = {
			isa = XCBuildConfiguration;
			baseConfigurationReference = 32EF909B80D8C48E16921958 /* Pods-ChatApp.debug.xcconfig */;
			buildSettings = {
				ASSETCATALOG_COMPILER_APPICON_NAME = AppIcon;
				ASSETCATALOG_COMPILER_GLOBAL_ACCENT_COLOR_NAME = AccentColor;
				CODE_SIGN_STYLE = Automatic;
				CURRENT_PROJECT_VERSION = 1;
				DEVELOPMENT_TEAM = F9GL24RSF8;
				GENERATE_INFOPLIST_FILE = YES;
				INFOPLIST_FILE = ChatApp/Info.plist;
				INFOPLIST_KEY_UIApplicationSupportsIndirectInputEvents = YES;
				INFOPLIST_KEY_UILaunchStoryboardName = LaunchScreen;
				INFOPLIST_KEY_UIMainStoryboardFile = Main;
				INFOPLIST_KEY_UISupportedInterfaceOrientations_iPad = "UIInterfaceOrientationPortrait UIInterfaceOrientationPortraitUpsideDown UIInterfaceOrientationLandscapeLeft UIInterfaceOrientationLandscapeRight";
				INFOPLIST_KEY_UISupportedInterfaceOrientations_iPhone = "UIInterfaceOrientationPortrait UIInterfaceOrientationLandscapeLeft UIInterfaceOrientationLandscapeRight";
				LD_RUNPATH_SEARCH_PATHS = (
					"$(inherited)",
					"@executable_path/Frameworks",
				);
				MARKETING_VERSION = 1.0;
				PRODUCT_BUNDLE_IDENTIFIER = com.znun.ChatApp;
				PRODUCT_NAME = "$(TARGET_NAME)";
				SWIFT_EMIT_LOC_STRINGS = YES;
				SWIFT_VERSION = 5.0;
				TARGETED_DEVICE_FAMILY = "1,2";
			};
			name = Debug;
		};
		CED6CAE527D478DB005D1473 /* Release */ = {
			isa = XCBuildConfiguration;
			baseConfigurationReference = 848BBBBF9620C31024802019 /* Pods-ChatApp.release.xcconfig */;
			buildSettings = {
				ASSETCATALOG_COMPILER_APPICON_NAME = AppIcon;
				ASSETCATALOG_COMPILER_GLOBAL_ACCENT_COLOR_NAME = AccentColor;
				CODE_SIGN_STYLE = Automatic;
				CURRENT_PROJECT_VERSION = 1;
				DEVELOPMENT_TEAM = F9GL24RSF8;
				GENERATE_INFOPLIST_FILE = YES;
				INFOPLIST_FILE = ChatApp/Info.plist;
				INFOPLIST_KEY_UIApplicationSupportsIndirectInputEvents = YES;
				INFOPLIST_KEY_UILaunchStoryboardName = LaunchScreen;
				INFOPLIST_KEY_UIMainStoryboardFile = Main;
				INFOPLIST_KEY_UISupportedInterfaceOrientations_iPad = "UIInterfaceOrientationPortrait UIInterfaceOrientationPortraitUpsideDown UIInterfaceOrientationLandscapeLeft UIInterfaceOrientationLandscapeRight";
				INFOPLIST_KEY_UISupportedInterfaceOrientations_iPhone = "UIInterfaceOrientationPortrait UIInterfaceOrientationLandscapeLeft UIInterfaceOrientationLandscapeRight";
				LD_RUNPATH_SEARCH_PATHS = (
					"$(inherited)",
					"@executable_path/Frameworks",
				);
				MARKETING_VERSION = 1.0;
				PRODUCT_BUNDLE_IDENTIFIER = com.znun.ChatApp;
				PRODUCT_NAME = "$(TARGET_NAME)";
				SWIFT_EMIT_LOC_STRINGS = YES;
				SWIFT_VERSION = 5.0;
				TARGETED_DEVICE_FAMILY = "1,2";
			};
			name = Release;
		};
		CED6CAE727D478DB005D1473 /* Debug */ = {
			isa = XCBuildConfiguration;
			baseConfigurationReference = CF68E42B81017E106EE3D244 /* Pods-ChatAppTests.debug.xcconfig */;
			buildSettings = {
				ALWAYS_EMBED_SWIFT_STANDARD_LIBRARIES = YES;
				BUNDLE_LOADER = "$(TEST_HOST)";
				CODE_SIGN_STYLE = Automatic;
				CURRENT_PROJECT_VERSION = 1;
				DEVELOPMENT_TEAM = F9GL24RSF8;
				GENERATE_INFOPLIST_FILE = YES;
				IPHONEOS_DEPLOYMENT_TARGET = 15.2;
				MARKETING_VERSION = 1.0;
				PRODUCT_BUNDLE_IDENTIFIER = com.znun.ChatAppTests;
				PRODUCT_NAME = "$(TARGET_NAME)";
				SWIFT_EMIT_LOC_STRINGS = NO;
				SWIFT_VERSION = 5.0;
				TARGETED_DEVICE_FAMILY = "1,2";
				TEST_HOST = "$(BUILT_PRODUCTS_DIR)/ChatApp.app/ChatApp";
			};
			name = Debug;
		};
		CED6CAE827D478DB005D1473 /* Release */ = {
			isa = XCBuildConfiguration;
			baseConfigurationReference = B30B50AD47AAA93B9EB07951 /* Pods-ChatAppTests.release.xcconfig */;
			buildSettings = {
				ALWAYS_EMBED_SWIFT_STANDARD_LIBRARIES = YES;
				BUNDLE_LOADER = "$(TEST_HOST)";
				CODE_SIGN_STYLE = Automatic;
				CURRENT_PROJECT_VERSION = 1;
				DEVELOPMENT_TEAM = F9GL24RSF8;
				GENERATE_INFOPLIST_FILE = YES;
				IPHONEOS_DEPLOYMENT_TARGET = 15.2;
				MARKETING_VERSION = 1.0;
				PRODUCT_BUNDLE_IDENTIFIER = com.znun.ChatAppTests;
				PRODUCT_NAME = "$(TARGET_NAME)";
				SWIFT_EMIT_LOC_STRINGS = NO;
				SWIFT_VERSION = 5.0;
				TARGETED_DEVICE_FAMILY = "1,2";
				TEST_HOST = "$(BUILT_PRODUCTS_DIR)/ChatApp.app/ChatApp";
			};
			name = Release;
		};
		CED6CAEA27D478DB005D1473 /* Debug */ = {
			isa = XCBuildConfiguration;
			baseConfigurationReference = 6A1CF16CCB7A196B2E75B644 /* Pods-ChatApp-ChatAppUITests.debug.xcconfig */;
			buildSettings = {
				ALWAYS_EMBED_SWIFT_STANDARD_LIBRARIES = YES;
				CODE_SIGN_STYLE = Automatic;
				CURRENT_PROJECT_VERSION = 1;
				DEVELOPMENT_TEAM = F9GL24RSF8;
				GENERATE_INFOPLIST_FILE = YES;
				MARKETING_VERSION = 1.0;
				PRODUCT_BUNDLE_IDENTIFIER = com.znun.ChatAppUITests;
				PRODUCT_NAME = "$(TARGET_NAME)";
				SWIFT_EMIT_LOC_STRINGS = NO;
				SWIFT_VERSION = 5.0;
				TARGETED_DEVICE_FAMILY = "1,2";
				TEST_TARGET_NAME = ChatApp;
			};
			name = Debug;
		};
		CED6CAEB27D478DB005D1473 /* Release */ = {
			isa = XCBuildConfiguration;
			baseConfigurationReference = 89D8057D944E9DFF7650A808 /* Pods-ChatApp-ChatAppUITests.release.xcconfig */;
			buildSettings = {
				ALWAYS_EMBED_SWIFT_STANDARD_LIBRARIES = YES;
				CODE_SIGN_STYLE = Automatic;
				CURRENT_PROJECT_VERSION = 1;
				DEVELOPMENT_TEAM = F9GL24RSF8;
				GENERATE_INFOPLIST_FILE = YES;
				MARKETING_VERSION = 1.0;
				PRODUCT_BUNDLE_IDENTIFIER = com.znun.ChatAppUITests;
				PRODUCT_NAME = "$(TARGET_NAME)";
				SWIFT_EMIT_LOC_STRINGS = NO;
				SWIFT_VERSION = 5.0;
				TARGETED_DEVICE_FAMILY = "1,2";
				TEST_TARGET_NAME = ChatApp;
			};
			name = Release;
		};
/* End XCBuildConfiguration section */

/* Begin XCConfigurationList section */
		CED6CAB427D478D9005D1473 /* Build configuration list for PBXProject "ChatApp" */ = {
			isa = XCConfigurationList;
			buildConfigurations = (
				CED6CAE127D478DB005D1473 /* Debug */,
				CED6CAE227D478DB005D1473 /* Release */,
			);
			defaultConfigurationIsVisible = 0;
			defaultConfigurationName = Release;
		};
		CED6CAE327D478DB005D1473 /* Build configuration list for PBXNativeTarget "ChatApp" */ = {
			isa = XCConfigurationList;
			buildConfigurations = (
				CED6CAE427D478DB005D1473 /* Debug */,
				CED6CAE527D478DB005D1473 /* Release */,
			);
			defaultConfigurationIsVisible = 0;
			defaultConfigurationName = Release;
		};
		CED6CAE627D478DB005D1473 /* Build configuration list for PBXNativeTarget "ChatAppTests" */ = {
			isa = XCConfigurationList;
			buildConfigurations = (
				CED6CAE727D478DB005D1473 /* Debug */,
				CED6CAE827D478DB005D1473 /* Release */,
			);
			defaultConfigurationIsVisible = 0;
			defaultConfigurationName = Release;
		};
		CED6CAE927D478DB005D1473 /* Build configuration list for PBXNativeTarget "ChatAppUITests" */ = {
			isa = XCConfigurationList;
			buildConfigurations = (
				CED6CAEA27D478DB005D1473 /* Debug */,
				CED6CAEB27D478DB005D1473 /* Release */,
			);
			defaultConfigurationIsVisible = 0;
			defaultConfigurationName = Release;
		};
/* End XCConfigurationList section */
	};
	rootObject = CED6CAB127D478D9005D1473 /* Project object */;
}
